{
    "_meta": {
        "hash": {
            "sha256": "c723ae816c7df1afd9ed4643be9ec9b6cb08de689e2a16e5cddc91f81ef65ca6"
        },
        "pipfile-spec": 6,
        "requires": {
            "python_version": "3.7"
        },
        "sources": [
            {
                "name": "pypi",
                "url": "https://pypi.org/simple",
                "verify_ssl": true
            }
        ]
    },
    "default": {
        "django-rest-framework": {
            "hashes": [
                "sha256:47a8f496fa69e3b6bd79f68dd7a1527d907d6b77f009e9db7cf9bb21cc565e4a"
            ],
            "index": "pypi",
            "version": "==0.1.0"
        },
        "djangorestframework": {
            "hashes": [
                "sha256:5488aed8f8df5ec1d70f04b2114abc52ae6729748a176c453313834a9ee179c8",
                "sha256:dc81cbf9775c6898a580f6f1f387c4777d12bd87abf0f5406018d32ccae71090"
            ],
            "version": "==3.10.3"
        }
    },
    "develop": {}
}
